00-the-job-posting#0
00-the-job-posting#1
00-the-job-posting#2
00-the-job-posting#3
00-the-job-posting#4
00-the-job-posting#5
00-the-job-posting#6
00-the-job-posting#7
03-types-and-integers#0
03-types-and-integers#1
03-types-and-integers#2
03-types-and-integers#3
03-types-and-integers#4
03-types-and-integers#5
03-types-and-integers#6
03-types-and-integers#7
03-types-and-integers#8
06-const-and-volatile#0
06-const-and-volatile#1
06-const-and-volatile#2
06-const-and-volatile#3
06-const-and-volatile#4
06-const-and-volatile#5
06-const-and-volatile#6
06-const-and-volatile#7
06-const-and-volatile#8
11-avoiding-malloc#0
11-avoiding-malloc#1
11-avoiding-malloc#2
11-avoiding-malloc#3
11-avoiding-malloc#4
11-avoiding-malloc#5
11-avoiding-malloc#6
11-avoiding-malloc#7
11-avoiding-malloc#8
26-interrupts-and-nvic#0
26-interrupts-and-nvic#1
26-interrupts-and-nvic#2
26-interrupts-and-nvic#3
26-interrupts-and-nvic#4
26-interrupts-and-nvic#5
26-interrupts-and-nvic#6
26-interrupts-and-nvic#7
26-interrupts-and-nvic#8
26-interrupts-and-nvic#9
30-cube-hal-ll-registers#0
30-cube-hal-ll-registers#1
30-cube-hal-ll-registers#2
30-cube-hal-ll-registers#3
30-cube-hal-ll-registers#4
30-cube-hal-ll-registers#5
30-cube-hal-ll-registers#6
30-cube-hal-ll-registers#7
37-what-real-time-means#0
37-what-real-time-means#1
37-what-real-time-means#2
37-what-real-time-means#3
37-what-real-time-means#4
37-what-real-time-means#5
37-what-real-time-means#6
37-what-real-time-means#7
40-queues-semaphores-mutexes#0
40-queues-semaphores-mutexes#1
40-queues-semaphores-mutexes#2
40-queues-semaphores-mutexes#3
40-queues-semaphores-mutexes#4
40-queues-semaphores-mutexes#5
40-queues-semaphores-mutexes#6
40-queues-semaphores-mutexes#7
40-queues-semaphores-mutexes#8
41-priority-inversion#0
41-priority-inversion#1
41-priority-inversion#2
41-priority-inversion#3
41-priority-inversion#4
41-priority-inversion#5
41-priority-inversion#6
41-priority-inversion#7
41-priority-inversion#8
46-uart#0
46-uart#1
46-uart#2
46-uart#3
46-uart#4
46-uart#5
46-uart#6
46-uart#7
46-uart#8
50-modbus-rtu#0
50-modbus-rtu#1
50-modbus-rtu#2
50-modbus-rtu#3
50-modbus-rtu#4
50-modbus-rtu#5
50-modbus-rtu#6
50-modbus-rtu#7
50-modbus-rtu#8
50-modbus-rtu#9
56-what-a-plc-is#0
56-what-a-plc-is#1
56-what-a-plc-is#2
56-what-a-plc-is#3
56-what-a-plc-is#4
56-what-a-plc-is#5
56-what-a-plc-is#6
56-what-a-plc-is#7
56-what-a-plc-is#8
58-talking-to-the-plc#0
58-talking-to-the-plc#1
58-talking-to-the-plc#2
58-talking-to-the-plc#3
58-talking-to-the-plc#4
58-talking-to-the-plc#5
58-talking-to-the-plc#6
58-talking-to-the-plc#7
58-talking-to-the-plc#8
58-talking-to-the-plc#9
70-the-cv#0
70-the-cv#1
70-the-cv#2
70-the-cv#3
70-the-cv#4
70-the-cv#5
70-the-cv#6
70-the-cv#7
70-the-cv#8
71-the-interview#0
71-the-interview#1
71-the-interview#2
71-the-interview#3
71-the-interview#4
71-the-interview#5
71-the-interview#6
71-the-interview#7
71-the-interview#8
