00-the-job-posting#0
00-the-job-posting#1
00-the-job-posting#2
00-the-job-posting#3
00-the-job-posting#4
00-the-job-posting#5
00-the-job-posting#6
00-the-job-posting#7
01-jvm-and-runtime#0
01-jvm-and-runtime#1
01-jvm-and-runtime#2
01-jvm-and-runtime#3
01-jvm-and-runtime#4
01-jvm-and-runtime#5
01-jvm-and-runtime#6
01-jvm-and-runtime#7
02-java-versions#0
02-java-versions#1
02-java-versions#2
02-java-versions#3
02-java-versions#4
02-java-versions#5
02-java-versions#6
02-java-versions#7
03-types-and-objects#0
03-types-and-objects#1
03-types-and-objects#2
03-types-and-objects#3
03-types-and-objects#4
03-types-and-objects#5
03-types-and-objects#6
03-types-and-objects#7
04-collections#0
04-collections#1
04-collections#2
04-collections#3
04-collections#4
04-collections#5
04-collections#6
04-collections#7
05-generics#0
05-generics#1
05-generics#2
05-generics#3
05-generics#4
05-generics#5
05-generics#6
05-generics#7
06-streams-lambdas#0
06-streams-lambdas#1
06-streams-lambdas#2
06-streams-lambdas#3
06-streams-lambdas#4
06-streams-lambdas#5
06-streams-lambdas#6
06-streams-lambdas#7
07-records-sealed-pattern#0
07-records-sealed-pattern#1
07-records-sealed-pattern#2
07-records-sealed-pattern#3
07-records-sealed-pattern#4
07-records-sealed-pattern#5
07-records-sealed-pattern#6
07-records-sealed-pattern#7
08-exceptions#0
08-exceptions#1
08-exceptions#2
08-exceptions#3
08-exceptions#4
08-exceptions#5
08-exceptions#6
08-exceptions#7
09-concurrency#0
09-concurrency#1
09-concurrency#2
09-concurrency#3
09-concurrency#4
09-concurrency#5
09-concurrency#6
09-concurrency#7
10-memory-gc#0
10-memory-gc#1
10-memory-gc#2
10-memory-gc#3
10-memory-gc#4
10-memory-gc#5
10-memory-gc#6
10-memory-gc#7
11-spring-container#0
11-spring-container#1
11-spring-container#2
11-spring-container#3
11-spring-container#4
11-spring-container#5
11-spring-container#6
11-spring-container#7
12-dependency-injection#0
12-dependency-injection#1
12-dependency-injection#2
12-dependency-injection#3
12-dependency-injection#4
12-dependency-injection#5
12-dependency-injection#6
12-dependency-injection#7
13-configuration-profiles#0
13-configuration-profiles#1
13-configuration-profiles#2
13-configuration-profiles#3
13-configuration-profiles#4
13-configuration-profiles#5
13-configuration-profiles#6
13-configuration-profiles#7
14-spring-boot-autoconfig#0
14-spring-boot-autoconfig#1
14-spring-boot-autoconfig#2
14-spring-boot-autoconfig#3
14-spring-boot-autoconfig#4
14-spring-boot-autoconfig#5
14-spring-boot-autoconfig#6
14-spring-boot-autoconfig#7
15-quarkus-vs-spring#0
15-quarkus-vs-spring#1
15-quarkus-vs-spring#2
15-quarkus-vs-spring#3
15-quarkus-vs-spring#4
15-quarkus-vs-spring#5
15-quarkus-vs-spring#6
15-quarkus-vs-spring#7
16-rest-controllers#0
16-rest-controllers#1
16-rest-controllers#2
16-rest-controllers#3
16-rest-controllers#4
16-rest-controllers#5
16-rest-controllers#6
16-rest-controllers#7
17-rest-design#0
17-rest-design#1
17-rest-design#2
17-rest-design#3
17-rest-design#4
17-rest-design#5
17-rest-design#6
17-rest-design#7
18-validation-errors#0
18-validation-errors#1
18-validation-errors#2
18-validation-errors#3
18-validation-errors#4
18-validation-errors#5
18-validation-errors#6
18-validation-errors#7
19-graphql#0
19-graphql#1
19-graphql#2
19-graphql#3
19-graphql#4
19-graphql#5
19-graphql#6
19-graphql#7
20-security-auth#0
20-security-auth#1
20-security-auth#2
20-security-auth#3
20-security-auth#4
20-security-auth#5
20-security-auth#6
20-security-auth#7
21-openapi#0
21-openapi#1
21-openapi#2
21-openapi#3
21-openapi#4
21-openapi#5
21-openapi#6
21-openapi#7
22-jdbc-and-pools#0
22-jdbc-and-pools#1
22-jdbc-and-pools#2
22-jdbc-and-pools#3
22-jdbc-and-pools#4
22-jdbc-and-pools#5
22-jdbc-and-pools#6
22-jdbc-and-pools#7
23-jpa-hibernate#0
23-jpa-hibernate#1
23-jpa-hibernate#2
23-jpa-hibernate#3
23-jpa-hibernate#4
23-jpa-hibernate#5
23-jpa-hibernate#6
23-jpa-hibernate#7
24-spring-data#0
24-spring-data#1
24-spring-data#2
24-spring-data#3
24-spring-data#4
24-spring-data#5
24-spring-data#6
24-spring-data#7
25-transactions#0
25-transactions#1
25-transactions#2
25-transactions#3
25-transactions#4
25-transactions#5
25-transactions#6
25-transactions#7
26-n-plus-one#0
26-n-plus-one#1
26-n-plus-one#2
26-n-plus-one#3
26-n-plus-one#4
26-n-plus-one#5
26-n-plus-one#6
26-n-plus-one#7
27-oracle-and-sql#0
27-oracle-and-sql#1
27-oracle-and-sql#2
27-oracle-and-sql#3
27-oracle-and-sql#4
27-oracle-and-sql#5
27-oracle-and-sql#6
27-oracle-and-sql#7
28-mongodb#0
28-mongodb#1
28-mongodb#2
28-mongodb#3
28-mongodb#4
28-mongodb#5
28-mongodb#6
28-mongodb#7
29-migrations#0
29-migrations#1
29-migrations#2
29-migrations#3
29-migrations#4
29-migrations#5
29-migrations#6
29-migrations#7
30-microservices#0
30-microservices#1
30-microservices#2
30-microservices#3
30-microservices#4
30-microservices#5
30-microservices#6
30-microservices#7
31-spring-cloud#0
31-spring-cloud#1
31-spring-cloud#2
31-spring-cloud#3
31-spring-cloud#4
31-spring-cloud#5
31-spring-cloud#6
31-spring-cloud#7
32-resilience#0
32-resilience#1
32-resilience#2
32-resilience#3
32-resilience#4
32-resilience#5
32-resilience#6
32-resilience#7
33-messaging#0
33-messaging#1
33-messaging#2
33-messaging#3
33-messaging#4
33-messaging#5
33-messaging#6
33-messaging#7
34-industrial-protocols#0
34-industrial-protocols#1
34-industrial-protocols#2
34-industrial-protocols#3
34-industrial-protocols#4
34-industrial-protocols#5
34-industrial-protocols#6
34-industrial-protocols#7
35-observability#0
35-observability#1
35-observability#2
35-observability#3
35-observability#4
35-observability#5
35-observability#6
35-observability#7
36-unit-testing#0
36-unit-testing#1
36-unit-testing#2
36-unit-testing#3
36-unit-testing#4
36-unit-testing#5
36-unit-testing#6
36-unit-testing#7
37-mocking#0
37-mocking#1
37-mocking#2
37-mocking#3
37-mocking#4
37-mocking#5
37-mocking#6
37-mocking#7
38-spring-testing#0
38-spring-testing#1
38-spring-testing#2
38-spring-testing#3
38-spring-testing#4
38-spring-testing#5
38-spring-testing#6
38-spring-testing#7
39-testcontainers#0
39-testcontainers#1
39-testcontainers#2
39-testcontainers#3
39-testcontainers#4
39-testcontainers#5
39-testcontainers#6
39-testcontainers#7
40-maven-gradle#0
40-maven-gradle#1
40-maven-gradle#2
40-maven-gradle#3
40-maven-gradle#4
40-maven-gradle#5
40-maven-gradle#6
40-maven-gradle#7
41-docker#0
41-docker#1
41-docker#2
41-docker#3
41-docker#4
41-docker#5
41-docker#6
41-docker#7
42-kubernetes#0
42-kubernetes#1
42-kubernetes#2
42-kubernetes#3
42-kubernetes#4
42-kubernetes#5
42-kubernetes#6
42-kubernetes#7
43-aws#0
43-aws#1
43-aws#2
43-aws#3
43-aws#4
43-aws#5
43-aws#6
43-aws#7
44-ci-cd#0
44-ci-cd#1
44-ci-cd#2
44-ci-cd#3
44-ci-cd#4
44-ci-cd#5
44-ci-cd#6
44-ci-cd#7
45-legacy-java-ee#0
45-legacy-java-ee#1
45-legacy-java-ee#2
45-legacy-java-ee#3
45-legacy-java-ee#4
45-legacy-java-ee#5
45-legacy-java-ee#6
45-legacy-java-ee#7
46-angular-frontend#0
46-angular-frontend#1
46-angular-frontend#2
46-angular-frontend#3
46-angular-frontend#4
46-angular-frontend#5
46-angular-frontend#6
46-angular-frontend#7
47-gestionali#0
47-gestionali#1
47-gestionali#2
47-gestionali#3
47-gestionali#4
47-gestionali#5
47-gestionali#6
47-gestionali#7
48-agile-scrum#0
48-agile-scrum#1
48-agile-scrum#2
48-agile-scrum#3
48-agile-scrum#4
48-agile-scrum#5
48-agile-scrum#6
48-agile-scrum#7
49-english#0
49-english#1
49-english#2
49-english#3
49-english#4
49-english#5
49-english#6
49-english#7
50-the-cv#0
50-the-cv#1
50-the-cv#2
50-the-cv#3
50-the-cv#4
50-the-cv#5
50-the-cv#6
50-the-cv#7
51-the-interview#0
51-the-interview#1
51-the-interview#2
51-the-interview#3
51-the-interview#4
51-the-interview#5
51-the-interview#6
51-the-interview#7
