00-the-job-posting#0
00-the-job-posting#1
00-the-job-posting#2
00-the-job-posting#3
00-the-job-posting#4
00-the-job-posting#5
00-the-job-posting#6
00-the-job-posting#7
01-why-a-log#0
01-why-a-log#1
01-why-a-log#2
01-why-a-log#3
01-why-a-log#4
01-why-a-log#5
01-why-a-log#6
01-why-a-log#7
02-topics-partitions#0
02-topics-partitions#1
02-topics-partitions#2
02-topics-partitions#3
02-topics-partitions#4
02-topics-partitions#5
02-topics-partitions#6
02-topics-partitions#7
03-brokers-cluster#0
03-brokers-cluster#1
03-brokers-cluster#2
03-brokers-cluster#3
03-brokers-cluster#4
03-brokers-cluster#5
03-brokers-cluster#6
03-brokers-cluster#7
04-replication-isr#0
04-replication-isr#1
04-replication-isr#2
04-replication-isr#3
04-replication-isr#4
04-replication-isr#5
04-replication-isr#6
04-replication-isr#7
05-zookeeper-kraft#0
05-zookeeper-kraft#1
05-zookeeper-kraft#2
05-zookeeper-kraft#3
05-zookeeper-kraft#4
05-zookeeper-kraft#5
05-zookeeper-kraft#6
05-zookeeper-kraft#7
06-producer-api#0
06-producer-api#1
06-producer-api#2
06-producer-api#3
06-producer-api#4
06-producer-api#5
06-producer-api#6
06-producer-api#7
07-partitioning-keys#0
07-partitioning-keys#1
07-partitioning-keys#2
07-partitioning-keys#3
07-partitioning-keys#4
07-partitioning-keys#5
07-partitioning-keys#6
07-partitioning-keys#7
08-batching-compression#0
08-batching-compression#1
08-batching-compression#2
08-batching-compression#3
08-batching-compression#4
08-batching-compression#5
08-batching-compression#6
08-batching-compression#7
09-producer-acks#0
09-producer-acks#1
09-producer-acks#2
09-producer-acks#3
09-producer-acks#4
09-producer-acks#5
09-producer-acks#6
09-producer-acks#7
10-consumer-api#0
10-consumer-api#1
10-consumer-api#2
10-consumer-api#3
10-consumer-api#4
10-consumer-api#5
10-consumer-api#6
10-consumer-api#7
11-consumer-groups#0
11-consumer-groups#1
11-consumer-groups#2
11-consumer-groups#3
11-consumer-groups#4
11-consumer-groups#5
11-consumer-groups#6
11-consumer-groups#7
12-offsets#0
12-offsets#1
12-offsets#2
12-offsets#3
12-offsets#4
12-offsets#5
12-offsets#6
12-offsets#7
13-rebalancing#0
13-rebalancing#1
13-rebalancing#2
13-rebalancing#3
13-rebalancing#4
13-rebalancing#5
13-rebalancing#6
13-rebalancing#7
14-lag#0
14-lag#1
14-lag#2
14-lag#3
14-lag#4
14-lag#5
14-lag#6
14-lag#7
15-delivery-semantics#0
15-delivery-semantics#1
15-delivery-semantics#2
15-delivery-semantics#3
15-delivery-semantics#4
15-delivery-semantics#5
15-delivery-semantics#6
15-delivery-semantics#7
16-idempotent-consumers#0
16-idempotent-consumers#1
16-idempotent-consumers#2
16-idempotent-consumers#3
16-idempotent-consumers#4
16-idempotent-consumers#5
16-idempotent-consumers#6
16-idempotent-consumers#7
17-transactions#0
17-transactions#1
17-transactions#2
17-transactions#3
17-transactions#4
17-transactions#5
17-transactions#6
17-transactions#7
18-ordering#0
18-ordering#1
18-ordering#2
18-ordering#3
18-ordering#4
18-ordering#5
18-ordering#6
18-ordering#7
19-serialization#0
19-serialization#1
19-serialization#2
19-serialization#3
19-serialization#4
19-serialization#5
19-serialization#6
19-serialization#7
20-schema-registry#0
20-schema-registry#1
20-schema-registry#2
20-schema-registry#3
20-schema-registry#4
20-schema-registry#5
20-schema-registry#6
20-schema-registry#7
21-compatibility#0
21-compatibility#1
21-compatibility#2
21-compatibility#3
21-compatibility#4
21-compatibility#5
21-compatibility#6
21-compatibility#7
22-retention-compaction#0
22-retention-compaction#1
22-retention-compaction#2
22-retention-compaction#3
22-retention-compaction#4
22-retention-compaction#5
22-retention-compaction#6
22-retention-compaction#7
23-streams-intro#0
23-streams-intro#1
23-streams-intro#2
23-streams-intro#3
23-streams-intro#4
23-streams-intro#5
23-streams-intro#6
23-streams-intro#7
24-ktable-kstream#0
24-ktable-kstream#1
24-ktable-kstream#2
24-ktable-kstream#3
24-ktable-kstream#4
24-ktable-kstream#5
24-ktable-kstream#6
24-ktable-kstream#7
25-windowing#0
25-windowing#1
25-windowing#2
25-windowing#3
25-windowing#4
25-windowing#5
25-windowing#6
25-windowing#7
26-state-stores#0
26-state-stores#1
26-state-stores#2
26-state-stores#3
26-state-stores#4
26-state-stores#5
26-state-stores#6
26-state-stores#7
27-ksqldb#0
27-ksqldb#1
27-ksqldb#2
27-ksqldb#3
27-ksqldb#4
27-ksqldb#5
27-ksqldb#6
27-ksqldb#7
28-connect#0
28-connect#1
28-connect#2
28-connect#3
28-connect#4
28-connect#5
28-connect#6
28-connect#7
29-cdc-debezium#0
29-cdc-debezium#1
29-cdc-debezium#2
29-cdc-debezium#3
29-cdc-debezium#4
29-cdc-debezium#5
29-cdc-debezium#6
29-cdc-debezium#7
30-rest-proxy-clients#0
30-rest-proxy-clients#1
30-rest-proxy-clients#2
30-rest-proxy-clients#3
30-rest-proxy-clients#4
30-rest-proxy-clients#5
30-rest-proxy-clients#6
30-rest-proxy-clients#7
31-confluent-vs-apache#0
31-confluent-vs-apache#1
31-confluent-vs-apache#2
31-confluent-vs-apache#3
31-confluent-vs-apache#4
31-confluent-vs-apache#5
31-confluent-vs-apache#6
31-confluent-vs-apache#7
32-sizing-topics#0
32-sizing-topics#1
32-sizing-topics#2
32-sizing-topics#3
32-sizing-topics#4
32-sizing-topics#5
32-sizing-topics#6
32-sizing-topics#7
33-monitoring#0
33-monitoring#1
33-monitoring#2
33-monitoring#3
33-monitoring#4
33-monitoring#5
33-monitoring#6
33-monitoring#7
34-security#0
34-security#1
34-security#2
34-security#3
34-security#4
34-security#5
34-security#6
34-security#7
35-kubernetes#0
35-kubernetes#1
35-kubernetes#2
35-kubernetes#3
35-kubernetes#4
35-kubernetes#5
35-kubernetes#6
35-kubernetes#7
36-disaster#0
36-disaster#1
36-disaster#2
36-disaster#3
36-disaster#4
36-disaster#5
36-disaster#6
36-disaster#7
37-event-driven#0
37-event-driven#1
37-event-driven#2
37-event-driven#3
37-event-driven#4
37-event-driven#5
37-event-driven#6
37-event-driven#7
38-events-vs-commands#0
38-events-vs-commands#1
38-events-vs-commands#2
38-events-vs-commands#3
38-events-vs-commands#4
38-events-vs-commands#5
38-events-vs-commands#6
38-events-vs-commands#7
39-outbox#0
39-outbox#1
39-outbox#2
39-outbox#3
39-outbox#4
39-outbox#5
39-outbox#6
39-outbox#7
40-saga#0
40-saga#1
40-saga#2
40-saga#3
40-saga#4
40-saga#5
40-saga#6
40-saga#7
41-spring-kafka#0
41-spring-kafka#1
41-spring-kafka#2
41-spring-kafka#3
41-spring-kafka#4
41-spring-kafka#5
41-spring-kafka#6
41-spring-kafka#7
42-agile-scrum#0
42-agile-scrum#1
42-agile-scrum#2
42-agile-scrum#3
42-agile-scrum#4
42-agile-scrum#5
42-agile-scrum#6
42-agile-scrum#7
43-english#0
43-english#1
43-english#2
43-english#3
43-english#4
43-english#5
43-english#6
43-english#7
44-the-cv#0
44-the-cv#1
44-the-cv#2
44-the-cv#3
44-the-cv#4
44-the-cv#5
44-the-cv#6
44-the-cv#7
45-the-interview#0
45-the-interview#1
45-the-interview#2
45-the-interview#3
45-the-interview#4
45-the-interview#5
45-the-interview#6
45-the-interview#7
