00-the-job-posting#0
00-the-job-posting#1
00-the-job-posting#2
00-the-job-posting#3
00-the-job-posting#4
00-the-job-posting#5
00-the-job-posting#6
00-the-job-posting#7
00-the-job-posting#8
00-the-job-posting#9
01-php-platform#0
01-php-platform#1
01-php-platform#2
01-php-platform#3
01-php-platform#4
01-php-platform#5
01-php-platform#6
01-php-platform#7
01-php-platform#8
01-php-platform#9
02-php-fundamentals#0
02-php-fundamentals#1
02-php-fundamentals#2
02-php-fundamentals#3
02-php-fundamentals#4
02-php-fundamentals#5
02-php-fundamentals#6
02-php-fundamentals#7
02-php-fundamentals#8
02-php-fundamentals#9
03-oop-in-php#0
03-oop-in-php#1
03-oop-in-php#2
03-oop-in-php#3
03-oop-in-php#4
03-oop-in-php#5
03-oop-in-php#6
03-oop-in-php#7
03-oop-in-php#8
03-oop-in-php#9
04-closures-and-generators#0
04-closures-and-generators#1
04-closures-and-generators#2
04-closures-and-generators#3
04-closures-and-generators#4
04-closures-and-generators#5
04-closures-and-generators#6
04-closures-and-generators#7
04-closures-and-generators#8
04-closures-and-generators#9
05-solid-and-patterns#0
05-solid-and-patterns#1
05-solid-and-patterns#2
05-solid-and-patterns#3
05-solid-and-patterns#4
05-solid-and-patterns#5
05-solid-and-patterns#6
05-solid-and-patterns#7
05-solid-and-patterns#8
05-solid-and-patterns#9
06-arrays-and-collections#0
06-arrays-and-collections#1
06-arrays-and-collections#2
06-arrays-and-collections#3
06-arrays-and-collections#4
06-arrays-and-collections#5
06-arrays-and-collections#6
06-arrays-and-collections#7
06-arrays-and-collections#8
06-arrays-and-collections#9
07-errors-and-async#0
07-errors-and-async#1
07-errors-and-async#2
07-errors-and-async#3
07-errors-and-async#4
07-errors-and-async#5
07-errors-and-async#6
07-errors-and-async#7
07-errors-and-async#8
07-errors-and-async#9
08-memory-and-references#0
08-memory-and-references#1
08-memory-and-references#2
08-memory-and-references#3
08-memory-and-references#4
08-memory-and-references#5
08-memory-and-references#6
08-memory-and-references#7
08-memory-and-references#8
08-memory-and-references#9
09-databases-and-mysql#0
09-databases-and-mysql#1
09-databases-and-mysql#2
09-databases-and-mysql#3
09-databases-and-mysql#4
09-databases-and-mysql#5
09-databases-and-mysql#6
09-databases-and-mysql#7
09-databases-and-mysql#8
09-databases-and-mysql#9
10-sql-querying#0
10-sql-querying#1
10-sql-querying#2
10-sql-querying#3
10-sql-querying#4
10-sql-querying#5
10-sql-querying#6
10-sql-querying#7
10-sql-querying#8
10-sql-querying#9
10b-views-and-procedures#0
10b-views-and-procedures#1
10b-views-and-procedures#2
10b-views-and-procedures#3
10b-views-and-procedures#4
10b-views-and-procedures#5
10b-views-and-procedures#6
10b-views-and-procedures#7
10b-views-and-procedures#8
10b-views-and-procedures#9
11-indexes-and-transactions#0
11-indexes-and-transactions#1
11-indexes-and-transactions#2
11-indexes-and-transactions#3
11-indexes-and-transactions#4
11-indexes-and-transactions#5
11-indexes-and-transactions#6
11-indexes-and-transactions#7
11-indexes-and-transactions#8
11-indexes-and-transactions#9
12-orm-in-depth#0
12-orm-in-depth#1
12-orm-in-depth#2
12-orm-in-depth#3
12-orm-in-depth#4
12-orm-in-depth#5
12-orm-in-depth#6
12-orm-in-depth#7
12-orm-in-depth#8
12-orm-in-depth#9
13-http-and-psr#0
13-http-and-psr#1
13-http-and-psr#2
13-http-and-psr#3
13-http-and-psr#4
13-http-and-psr#5
13-http-and-psr#6
13-http-and-psr#7
13-http-and-psr#8
13-http-and-psr#9
14-building-an-api#0
14-building-an-api#1
14-building-an-api#2
14-building-an-api#3
14-building-an-api#4
14-building-an-api#5
14-building-an-api#6
14-building-an-api#7
14-building-an-api#8
14-building-an-api#9
14b-integrations#0
14b-integrations#1
14b-integrations#2
14b-integrations#3
14b-integrations#4
14b-integrations#5
14b-integrations#6
14b-integrations#7
14b-integrations#8
14b-integrations#9
15-api-security#0
15-api-security#1
15-api-security#2
15-api-security#3
15-api-security#4
15-api-security#5
15-api-security#6
15-api-security#7
15-api-security#8
15-api-security#9
16-the-framework#0
16-the-framework#1
16-the-framework#2
16-the-framework#3
16-the-framework#4
16-the-framework#5
16-the-framework#6
16-the-framework#7
16-the-framework#8
16-the-framework#9
16b-legacy-php#0
16b-legacy-php#1
16b-legacy-php#2
16b-legacy-php#3
16b-legacy-php#4
16b-legacy-php#5
16b-legacy-php#6
16b-legacy-php#7
16b-legacy-php#8
16b-legacy-php#9
17-frontend-basics#0
17-frontend-basics#1
17-frontend-basics#2
17-frontend-basics#3
17-frontend-basics#4
17-frontend-basics#5
17-frontend-basics#6
17-frontend-basics#7
17-frontend-basics#8
17-frontend-basics#9
17b-javascript#0
17b-javascript#1
17b-javascript#2
17b-javascript#3
17b-javascript#4
17b-javascript#5
17b-javascript#6
17b-javascript#7
17b-javascript#8
17b-javascript#9
18-spa-and-vue#0
18-spa-and-vue#1
18-spa-and-vue#2
18-spa-and-vue#3
18-spa-and-vue#4
18-spa-and-vue#5
18-spa-and-vue#6
18-spa-and-vue#7
18-spa-and-vue#8
18-spa-and-vue#9
19-server-rendered-ui#0
19-server-rendered-ui#1
19-server-rendered-ui#2
19-server-rendered-ui#3
19-server-rendered-ui#4
19-server-rendered-ui#5
19-server-rendered-ui#6
19-server-rendered-ui#7
19-server-rendered-ui#8
19-server-rendered-ui#9
20-caching#0
20-caching#1
20-caching#2
20-caching#3
20-caching#4
20-caching#5
20-caching#6
20-caching#7
20-caching#8
20-caching#9
21-search#0
21-search#1
21-search#2
21-search#3
21-search#4
21-search#5
21-search#6
21-search#7
21-search#8
21-search#9
22-queues-and-messaging#0
22-queues-and-messaging#1
22-queues-and-messaging#2
22-queues-and-messaging#3
22-queues-and-messaging#4
22-queues-and-messaging#5
22-queues-and-messaging#6
22-queues-and-messaging#7
22-queues-and-messaging#8
22-queues-and-messaging#9
22b-microservices#0
22b-microservices#1
22b-microservices#2
22b-microservices#3
22b-microservices#4
22b-microservices#5
22b-microservices#6
22b-microservices#7
22b-microservices#8
22b-microservices#9
23-architecture#0
23-architecture#1
23-architecture#2
23-architecture#3
23-architecture#4
23-architecture#5
23-architecture#6
23-architecture#7
23-architecture#8
23-architecture#9
24-testing#0
24-testing#1
24-testing#2
24-testing#3
24-testing#4
24-testing#5
24-testing#6
24-testing#7
24-testing#8
24-testing#9
25-observability#0
25-observability#1
25-observability#2
25-observability#3
25-observability#4
25-observability#5
25-observability#6
25-observability#7
25-observability#8
25-observability#9
25b-production-support#0
25b-production-support#1
25b-production-support#2
25b-production-support#3
25b-production-support#4
25b-production-support#5
25b-production-support#6
25b-production-support#7
25b-production-support#8
25b-production-support#9
26-git#0
26-git#1
26-git#2
26-git#3
26-git#4
26-git#5
26-git#6
26-git#7
26-git#8
26-git#9
27-tooling-and-xdebug#0
27-tooling-and-xdebug#1
27-tooling-and-xdebug#2
27-tooling-and-xdebug#3
27-tooling-and-xdebug#4
27-tooling-and-xdebug#5
27-tooling-and-xdebug#6
27-tooling-and-xdebug#7
27-tooling-and-xdebug#8
27-tooling-and-xdebug#9
28-containers-and-composer#0
28-containers-and-composer#1
28-containers-and-composer#2
28-containers-and-composer#3
28-containers-and-composer#4
28-containers-and-composer#5
28-containers-and-composer#6
28-containers-and-composer#7
28-containers-and-composer#8
28-containers-and-composer#9
29-cloud-hosting#0
29-cloud-hosting#1
29-cloud-hosting#2
29-cloud-hosting#3
29-cloud-hosting#4
29-cloud-hosting#5
29-cloud-hosting#6
29-cloud-hosting#7
29-cloud-hosting#8
29-cloud-hosting#9
29b-shared-hosting#0
29b-shared-hosting#1
29b-shared-hosting#2
29b-shared-hosting#3
29b-shared-hosting#4
29b-shared-hosting#5
29b-shared-hosting#6
29b-shared-hosting#7
29b-shared-hosting#8
29b-shared-hosting#9
30-ci-cd#0
30-ci-cd#1
30-ci-cd#2
30-ci-cd#3
30-ci-cd#4
30-ci-cd#5
30-ci-cd#6
30-ci-cd#7
30-ci-cd#8
30-ci-cd#9
31-wordpress#0
31-wordpress#1
31-wordpress#2
31-wordpress#3
31-wordpress#4
31-wordpress#5
31-wordpress#6
31-wordpress#7
31-wordpress#8
31-wordpress#9
32-ecommerce#0
32-ecommerce#1
32-ecommerce#2
32-ecommerce#3
32-ecommerce#4
32-ecommerce#5
32-ecommerce#6
32-ecommerce#7
32-ecommerce#8
32-ecommerce#9
33-gestionali-and-sdi#0
33-gestionali-and-sdi#1
33-gestionali-and-sdi#2
33-gestionali-and-sdi#3
33-gestionali-and-sdi#4
33-gestionali-and-sdi#5
33-gestionali-and-sdi#6
33-gestionali-and-sdi#7
33-gestionali-and-sdi#8
33-gestionali-and-sdi#9
33b-ai-in-php#0
33b-ai-in-php#1
33b-ai-in-php#2
33b-ai-in-php#3
33b-ai-in-php#4
33b-ai-in-php#5
33b-ai-in-php#6
33b-ai-in-php#7
33b-ai-in-php#8
33b-ai-in-php#9
34-agile#0
34-agile#1
34-agile#2
34-agile#3
34-agile#4
34-agile#5
34-agile#6
34-agile#7
34-agile#8
34-agile#9
35-teamwork#0
35-teamwork#1
35-teamwork#2
35-teamwork#3
35-teamwork#4
35-teamwork#5
35-teamwork#6
35-teamwork#7
35-teamwork#8
35-teamwork#9
36-cv-and-linkedin#0
36-cv-and-linkedin#1
36-cv-and-linkedin#2
36-cv-and-linkedin#3
36-cv-and-linkedin#4
36-cv-and-linkedin#5
36-cv-and-linkedin#6
36-cv-and-linkedin#7
36-cv-and-linkedin#8
36-cv-and-linkedin#9
37-screening-test#0
37-screening-test#1
37-screening-test#2
37-screening-test#3
37-screening-test#4
37-screening-test#5
37-screening-test#6
37-screening-test#7
37-screening-test#8
37-screening-test#9
38-the-interview#0
38-the-interview#1
38-the-interview#2
38-the-interview#3
38-the-interview#4
38-the-interview#5
38-the-interview#6
38-the-interview#7
38-the-interview#8
38-the-interview#9
