01-php-platform#0
01-php-platform#1
01-php-platform#2
01-php-platform#3
02-php-fundamentals#0
02-php-fundamentals#1
02-php-fundamentals#2
02-php-fundamentals#3
02-php-fundamentals#4
02-php-fundamentals#5
02-php-fundamentals#6
02-php-fundamentals#7
03-oop-in-php#0
03-oop-in-php#1
03-oop-in-php#2
03-oop-in-php#3
03-oop-in-php#4
03-oop-in-php#5
03-oop-in-php#6
03-oop-in-php#7
09-databases-and-mysql#0
09-databases-and-mysql#1
09-databases-and-mysql#2
09-databases-and-mysql#3
09-databases-and-mysql#4
10-sql-querying#0
10-sql-querying#1
10-sql-querying#2
10-sql-querying#3
10-sql-querying#4
11-indexes-and-transactions#0
11-indexes-and-transactions#1
11-indexes-and-transactions#2
11-indexes-and-transactions#3
11-indexes-and-transactions#4
11-indexes-and-transactions#5
11-indexes-and-transactions#6
11-indexes-and-transactions#7
12-orm-in-depth#0
12-orm-in-depth#1
12-orm-in-depth#2
12-orm-in-depth#3
12-orm-in-depth#4
12-orm-in-depth#5
13-http-and-psr#0
13-http-and-psr#1
13-http-and-psr#2
13-http-and-psr#3
13-http-and-psr#4
15-api-security#0
15-api-security#1
15-api-security#2
15-api-security#3
15-api-security#4
15-api-security#5
16-the-framework#0
16-the-framework#1
16-the-framework#2
16-the-framework#3
16-the-framework#4
16-the-framework#5
24-testing#0
24-testing#1
24-testing#2
24-testing#3
24-testing#4
26-git#0
26-git#1
26-git#2
26-git#3
